{
  "name": "agencia-prisma-strategy-tools",
  "version": "1.0.0",
  "lockfileVersion": 3,
  "requires": true,
  "packages": {
    "": {
      "name": "agencia-prisma-strategy-tools",
      "version": "1.0.0",
      "dependencies": {
        "papaparse": "5.7.0",
        "simple-statistics": "7.12.1"
      }
    },
    "node_modules/papaparse": {
      "version": "5.7.0",
      "resolved": "https://registry.npmjs.org/papaparse/-/papaparse-5.7.0.tgz",
      "integrity": "sha512-qBGxg/7Q3Kl9Wfhrz2Z74UnvnHTXLNG6jmKJFeBvP2+y4lV7So+7SR62+Zd47JvdrCkX+nDcnr0ObPzek/+6RA==",
      "license": "MIT"
    },
    "node_modules/simple-statistics": {
      "version": "7.12.1",
      "resolved": "https://registry.npmjs.org/simple-statistics/-/simple-statistics-7.12.1.tgz",
      "integrity": "sha512-LYRvHhZceO9MTzDw6ptt3PBoOHuiTqNU5Ew5MLjjcLwuzgfATMf1oMFdgDW7elVDGwZvi98pGoUoFhwuXTHTRA==",
      "license": "ISC",
      "engines": {
        "node": "*"
      }
    }
  }
}
